
Microsoft Visual Studio Solution File, Format Version 12.00
# Visual Studio Version 17
VisualStudioVersion = 17.9.34701.34
MinimumVisualStudioVersion = 10.0.40219.1
Project("{FAE04EC0-301F-11D3-BF4B-00C04F79EFBC}") = "CSBasic", "CSBasic\CSBasic.csproj", "{70370F99-0074-46BE-B18E-0861982CECE1}"
EndProject
Global
	GlobalSection(SolutionConfigurationPlatforms) = preSolution
		Debug|Any CPU = Debug|Any CPU
		Release|Any CPU = Release|Any CPU
	EndGlobalSection
	GlobalSection(ProjectConfigurationPlatforms) = postSolution
		{70370F99-0074-46BE-B18E-0861982CECE1}.Debug|Any CPU.ActiveCfg = Debug|Any CPU
		{70370F99-0074-46BE-B18E-0861982CECE1}.Debug|Any CPU.Build.0 = Debug|Any CPU
		{70370F99-0074-46BE-B18E-0861982CECE1}.Release|Any CPU.ActiveCfg = Release|Any CPU
		{70370F99-0074-46BE-B18E-0861982CECE1}.Release|Any CPU.Build.0 = Release|Any CPU
	EndGlobalSection
	GlobalSection(SolutionProperties) = preSolution
		HideSolutionNode = FALSE
	EndGlobalSection
	GlobalSection(ExtensibilityGlobals) = postSolution
		SolutionGuid = {468687B3-093E-4AF3-9563-785C2A709F56}
	EndGlobalSection
EndGlobal
